
Microsoft Visual Studio Solution File, Format Version 12.00
# Visual Studio Version 16
VisualStudioVersion = 16.0.32106.194
MinimumVisualStudioVersion = 10.0.40219.1
Project("{FAE04EC0-301F-11D3-BF4B-00C04F79EFBC}") = "10sumArray", "10sumArray\10sumArray.csproj", "{1C0A89ED-C1B3-4DE5-B09E-48EE98A7A42C}"
EndProject
Global
	GlobalSection(SolutionConfigurationPlatforms) = preSolution
		Debug|Any CPU = Debug|Any CPU
		Release|Any CPU = Release|Any CPU
	EndGlobalSection
	GlobalSection(ProjectConfigurationPlatforms) = postSolution
		{1C0A89ED-C1B3-4DE5-B09E-48EE98A7A42C}.Debug|Any CPU.ActiveCfg = Debug|Any CPU
		{1C0A89ED-C1B3-4DE5-B09E-48EE98A7A42C}.Debug|Any CPU.Build.0 = Debug|Any CPU
		{1C0A89ED-C1B3-4DE5-B09E-48EE98A7A42C}.Release|Any CPU.ActiveCfg = Release|Any CPU
		{1C0A89ED-C1B3-4DE5-B09E-48EE98A7A42C}.Release|Any CPU.Build.0 = Release|Any CPU
	EndGlobalSection
	GlobalSection(SolutionProperties) = preSolution
		HideSolutionNode = FALSE
	EndGlobalSection
	GlobalSection(ExtensibilityGlobals) = postSolution
		SolutionGuid = {AB8190E9-CE54-4CF5-8878-89832E0F9B89}
	EndGlobalSection
EndGlobal
